// !$*UTF8*$!
{
	archiveVersion = 1;
	classes = {
	};
	objectVersion = 46;
	objects = {

/* Begin PBXBuildFile section */
		8D0E25F01C02BCE000D05DF5 /* AppDelegate.swift in Sources */ = {isa = PBXBuildFile; fileRef = 8D0E25EF1C02BCE000D05DF5 /* AppDelegate.swift */; };
		8D0E25F21C02BCE000D05DF5 /* ViewController.swift in Sources */ = {isa = PBXBuildFile; fileRef = 8D0E25F11C02BCE000D05DF5 /* ViewController.swift */; };
		8D0E25F51C02BCE000D05DF5 /* Main.storyboard in Resources */ = {isa = PBXBuildFile; fileRef = 8D0E25F31C02BCE000D05DF5 /* Main.storyboard */; };
		8D0E25F71C02BCE000D05DF5 /* Assets.xcassets in Resources */ = {isa = PBXBuildFile; fileRef = 8D0E25F61C02BCE000D05DF5 /* Assets.xcassets */; };
		8D0E25FA1C02BCE000D05DF5 /* LaunchScreen.storyboard in Resources */ = {isa = PBXBuildFile; fileRef = 8D0E25F81C02BCE000D05DF5 /* LaunchScreen.storyboard */; };
		8D0E26051C02BCE000D05DF5 /* machoTests.swift in Sources */ = {isa = PBXBuildFile; fileRef = 8D0E26041C02BCE000D05DF5 /* machoTests.swift */; };
		8D0E26101C02BCE000D05DF5 /* machoUITests.swift in Sources */ = {isa = PBXBuildFile; fileRef = 8D0E260F1C02BCE000D05DF5 /* machoUITests.swift */; };
		8D0E261E1C02BD3300D05DF5 /* MenuViewController.swift in Sources */ = {isa = PBXBuildFile; fileRef = 8D0E261D1C02BD3300D05DF5 /* MenuViewController.swift */; };
		8D0E26201C02C07100D05DF5 /* Story1.swift in Sources */ = {isa = PBXBuildFile; fileRef = 8D0E261F1C02C07100D05DF5 /* Story1.swift */; };
		8D0E26241C02C0EF00D05DF5 /* HukkinViewController.swift in Sources */ = {isa = PBXBuildFile; fileRef = 8D0E26231C02C0EF00D05DF5 /* HukkinViewController.swift */; };
		8D0E26261C02C1BF00D05DF5 /* Story2.swift in Sources */ = {isa = PBXBuildFile; fileRef = 8D0E26251C02C1BF00D05DF5 /* Story2.swift */; };
		8D0E26281C02C25C00D05DF5 /* EbisoryViewController.swift in Sources */ = {isa = PBXBuildFile; fileRef = 8D0E26271C02C25C00D05DF5 /* EbisoryViewController.swift */; };
		8D0E262A1C02C32800D05DF5 /* Story3.swift in Sources */ = {isa = PBXBuildFile; fileRef = 8D0E26291C02C32800D05DF5 /* Story3.swift */; };
/* End PBXBuildFile section */

/* Begin PBXContainerItemProxy section */
		8D0E26011C02BCE000D05DF5 /* PBXContainerItemProxy */ = {
			isa = PBXContainerItemProxy;
			containerPortal = 8D0E25E41C02BCE000D05DF5 /* Project object */;
			proxyType = 1;
			remoteGlobalIDString = 8D0E25EB1C02BCE000D05DF5;
			remoteInfo = macho;
		};
		8D0E260C1C02BCE000D05DF5 /* PBXContainerItemProxy */ = {
			isa = PBXContainerItemProxy;
			containerPortal = 8D0E25E41C02BCE000D05DF5 /* Project object */;
			proxyType = 1;
			remoteGlobalIDString = 8D0E25EB1C02BCE000D05DF5;
			remoteInfo = macho;
		};
/* End PBXContainerItemProxy section */

/* Begin PBXFileReference section */
		8D0E25EC1C02BCE000D05DF5 /* macho.app */ = {isa = PBXFileReference; explicitFileType = wrapper.application; includeInIndex = 0; path = macho.app; sourceTree = BUILT_PRODUCTS_DIR; };
		8D0E25EF1C02BCE000D05DF5 /* AppDelegate.swift */ = {isa = PBXFileReference; lastKnownFileType = sourcecode.swift; path = AppDelegate.swift; sourceTree = "<group>"; };
		8D0E25F11C02BCE000D05DF5 /* ViewController.swift */ = {isa = PBXFileReference; lastKnownFileType = sourcecode.swift; path = ViewController.swift; sourceTree = "<group>"; };
		8D0E25F41C02BCE000D05DF5 /* Base */ = {isa = PBXFileReference; lastKnownFileType = file.storyboard; name = Base; path = Base.lproj/Main.storyboard; sourceTree = "<group>"; };
		8D0E25F61C02BCE000D05DF5 /* Assets.xcassets */ = {isa = PBXFileReference; lastKnownFileType = folder.assetcatalog; path = Assets.xcassets; sourceTree = "<group>"; };
		8D0E25F91C02BCE000D05DF5 /* Base */ = {isa = PBXFileReference; lastKnownFileType = file.storyboard; name = Base; path = Base.lproj/LaunchScreen.storyboard; sourceTree = "<group>"; };
		8D0E25FB1C02BCE000D05DF5 /* Info.plist */ = {isa = PBXFileReference; lastKnownFileType = text.plist.xml; path = Info.plist; sourceTree = "<group>"; };
		8D0E26001C02BCE000D05DF5 /* machoTests.xctest */ = {isa = PBXFileReference; explicitFileType = wrapper.cfbundle; includeInIndex = 0; path = machoTests.xctest; sourceTree = BUILT_PRODUCTS_DIR; };
		8D0E26041C02BCE000D05DF5 /* machoTests.swift */ = {isa = PBXFileReference; lastKnownFileType = sourcecode.swift; path = machoTests.swift; sourceTree = "<group>"; };
		8D0E26061C02BCE000D05DF5 /* Info.plist */ = {isa = PBXFileReference; lastKnownFileType = text.plist.xml; path = Info.plist; sourceTree = "<group>"; };
		8D0E260B1C02BCE000D05DF5 /* machoUITests.xctest */ = {isa = PBXFileReference; explicitFileType = wrapper.cfbundle; includeInIndex = 0; path = machoUITests.xctest; sourceTree = BUILT_PRODUCTS_DIR; };
		8D0E260F1C02BCE000D05DF5 /* machoUITests.swift */ = {isa = PBXFileReference; lastKnownFileType = sourcecode.swift; path = machoUITests.swift; sourceTree = "<group>"; };
		8D0E26111C02BCE000D05DF5 /* Info.plist */ = {isa = PBXFileReference; lastKnownFileType = text.plist.xml; path = Info.plist; sourceTree = "<group>"; };
		8D0E261D1C02BD3300D05DF5 /* MenuViewController.swift */ = {isa = PBXFileReference; fileEncoding = 4; lastKnownFileType = sourcecode.swift; path = MenuViewController.swift; sourceTree = "<group>"; };
		8D0E261F1C02C07100D05DF5 /* Story1.swift */ = {isa = PBXFileReference; fileEncoding = 4; lastKnownFileType = sourcecode.swift; path = Story1.swift; sourceTree = "<group>"; };
		8D0E26231C02C0EF00D05DF5 /* HukkinViewController.swift */ = {isa = PBXFileReference; fileEncoding = 4; lastKnownFileType = sourcecode.swift; name = HukkinViewController.swift; path = ../HukkinViewController.swift; sourceTree = "<group>"; };
		8D0E26251C02C1BF00D05DF5 /* Story2.swift */ = {isa = PBXFileReference; fileEncoding = 4; lastKnownFileType = sourcecode.swift; path = Story2.swift; sourceTree = "<group>"; };
		8D0E26271C02C25C00D05DF5 /* EbisoryViewController.swift */ = {isa = PBXFileReference; fileEncoding = 4; lastKnownFileType = sourcecode.swift; path = EbisoryViewController.swift; sourceTree = "<group>"; };
		8D0E26291C02C32800D05DF5 /* Story3.swift */ = {isa = PBXFileReference; fileEncoding = 4; lastKnownFileType = sourcecode.swift; path = Story3.swift; sourceTree = "<group>"; };
/* End PBXFileReference section */

/* Begin PBXFrameworksBuildPhase section */
		8D0E25E91C02BCE000D05DF5 /* Frameworks */ = {
			isa = PBXFrameworksBuildPhase;
			buildActionMask = 2147483647;
			files = (
			);
			runOnlyForDeploymentPostprocessing = 0;
		};
		8D0E25FD1C02BCE000D05DF5 /* Frameworks */ = {
			isa = PBXFrameworksBuildPhase;
			buildActionMask = 2147483647;
			files = (
			);
			runOnlyForDeploymentPostprocessing = 0;
		};
		8D0E26081C02BCE000D05DF5 /* Frameworks */ = {
			isa = PBXFrameworksBuildPhase;
			buildActionMask = 2147483647;
			files = (
			);
			runOnlyForDeploymentPostprocessing = 0;
		};
/* End PBXFrameworksBuildPhase section */

/* Begin PBXGroup section */
		8D0E25E31C02BCE000D05DF5 = {
			isa = PBXGroup;
			children = (
				8D0E25EE1C02BCE000D05DF5 /* macho */,
				8D0E26031C02BCE000D05DF5 /* machoTests */,
				8D0E260E1C02BCE000D05DF5 /* machoUITests */,
				8D0E25ED1C02BCE000D05DF5 /* Products */,
			);
			sourceTree = "<group>";
		};
		8D0E25ED1C02BCE000D05DF5 /* Products */ = {
			isa = PBXGroup;
			children = (
				8D0E25EC1C02BCE000D05DF5 /* macho.app */,
				8D0E26001C02BCE000D05DF5 /* machoTests.xctest */,
				8D0E260B1C02BCE000D05DF5 /* machoUITests.xctest */,
			);
			name = Products;
			sourceTree = "<group>";
		};
		8D0E25EE1C02BCE000D05DF5 /* macho */ = {
			isa = PBXGroup;
			children = (
				8D0E25EF1C02BCE000D05DF5 /* AppDelegate.swift */,
				8D0E25F11C02BCE000D05DF5 /* ViewController.swift */,
				8D0E26231C02C0EF00D05DF5 /* HukkinViewController.swift */,
				8D0E26251C02C1BF00D05DF5 /* Story2.swift */,
				8D0E26271C02C25C00D05DF5 /* EbisoryViewController.swift */,
				8D0E26291C02C32800D05DF5 /* Story3.swift */,
				8D0E261F1C02C07100D05DF5 /* Story1.swift */,
				8D0E261D1C02BD3300D05DF5 /* MenuViewController.swift */,
				8D0E25F31C02BCE000D05DF5 /* Main.storyboard */,
				8D0E25F61C02BCE000D05DF5 /* Assets.xcassets */,
				8D0E25F81C02BCE000D05DF5 /* LaunchScreen.storyboard */,
				8D0E25FB1C02BCE000D05DF5 /* Info.plist */,
			);
			path = macho;
			sourceTree = "<group>";
		};
		8D0E26031C02BCE000D05DF5 /* machoTests */ = {
			isa = PBXGroup;
			children = (
				8D0E26041C02BCE000D05DF5 /* machoTests.swift */,
				8D0E26061C02BCE000D05DF5 /* Info.plist */,
			);
			path = machoTests;
			sourceTree = "<group>";
		};
		8D0E260E1C02BCE000D05DF5 /* machoUITests */ = {
			isa = PBXGroup;
			children = (
				8D0E260F1C02BCE000D05DF5 /* machoUITests.swift */,
				8D0E26111C02BCE000D05DF5 /* Info.plist */,
			);
			path = machoUITests;
			sourceTree = "<group>";
		};
/* End PBXGroup section */

/* Begin PBXNativeTarget section */
		8D0E25EB1C02BCE000D05DF5 /* macho */ = {
			isa = PBXNativeTarget;
			buildConfigurationList = 8D0E26141C02BCE000D05DF5 /* Build configuration list for PBXNativeTarget "macho" */;
			buildPhases = (
				8D0E25E81C02BCE000D05DF5 /* Sources */,
				8D0E25E91C02BCE000D05DF5 /* Frameworks */,
				8D0E25EA1C02BCE000D05DF5 /* Resources */,
			);
			buildRules = (
			);
			dependencies = (
			);
			name = macho;
			productName = macho;
			productReference = 8D0E25EC1C02BCE000D05DF5 /* macho.app */;
			productType = "com.apple.product-type.application";
		};
		8D0E25FF1C02BCE000D05DF5 /* machoTests */ = {
			isa = PBXNativeTarget;
			buildConfigurationList = 8D0E26171C02BCE000D05DF5 /* Build configuration list for PBXNativeTarget "machoTests" */;
			buildPhases = (
				8D0E25FC1C02BCE000D05DF5 /* Sources */,
				8D0E25FD1C02BCE000D05DF5 /* Frameworks */,
				8D0E25FE1C02BCE000D05DF5 /* Resources */,
			);
			buildRules = (
			);
			dependencies = (
				8D0E26021C02BCE000D05DF5 /* PBXTargetDependency */,
			);
			name = machoTests;
			productName = machoTests;
			productReference = 8D0E26001C02BCE000D05DF5 /* machoTests.xctest */;
			productType = "com.apple.product-type.bundle.unit-test";
		};
		8D0E260A1C02BCE000D05DF5 /* machoUITests */ = {
			isa = PBXNativeTarget;
			buildConfigurationList = 8D0E261A1C02BCE000D05DF5 /* Build configuration list for PBXNativeTarget "machoUITests" */;
			buildPhases = (
				8D0E26071C02BCE000D05DF5 /* Sources */,
				8D0E26081C02BCE000D05DF5 /* Frameworks */,
				8D0E26091C02BCE000D05DF5 /* Resources */,
			);
			buildRules = (
			);
			dependencies = (
				8D0E260D1C02BCE000D05DF5 /* PBXTargetDependency */,
			);
			name = machoUITests;
			productName = machoUITests;
			productReference = 8D0E260B1C02BCE000D05DF5 /* machoUITests.xctest */;
			productType = "com.apple.product-type.bundle.ui-testing";
		};
/* End PBXNativeTarget section */

/* Begin PBXProject section */
		8D0E25E41C02BCE000D05DF5 /* Project object */ = {
			isa = PBXProject;
			attributes = {
				LastSwiftUpdateCheck = 0710;
				LastUpgradeCheck = 0710;
				ORGANIZATIONNAME = "ie-ModelingAndDesign";
				TargetAttributes = {
					8D0E25EB1C02BCE000D05DF5 = {
						CreatedOnToolsVersion = 7.1;
					};
					8D0E25FF1C02BCE000D05DF5 = {
						CreatedOnToolsVersion = 7.1;
						TestTargetID = 8D0E25EB1C02BCE000D05DF5;
					};
					8D0E260A1C02BCE000D05DF5 = {
						CreatedOnToolsVersion = 7.1;
						TestTargetID = 8D0E25EB1C02BCE000D05DF5;
					};
				};
			};
			buildConfigurationList = 8D0E25E71C02BCE000D05DF5 /* Build configuration list for PBXProject "macho" */;
			compatibilityVersion = "Xcode 3.2";
			developmentRegion = English;
			hasScannedForEncodings = 0;
			knownRegions = (
				en,
				Base,
			);
			mainGroup = 8D0E25E31C02BCE000D05DF5;
			productRefGroup = 8D0E25ED1C02BCE000D05DF5 /* Products */;
			projectDirPath = "";
			projectRoot = "";
			targets = (
				8D0E25EB1C02BCE000D05DF5 /* macho */,
				8D0E25FF1C02BCE000D05DF5 /* machoTests */,
				8D0E260A1C02BCE000D05DF5 /* machoUITests */,
			);
		};
/* End PBXProject section */

/* Begin PBXResourcesBuildPhase section */
		8D0E25EA1C02BCE000D05DF5 /* Resources */ = {
			isa = PBXResourcesBuildPhase;
			buildActionMask = 2147483647;
			files = (
				8D0E25FA1C02BCE000D05DF5 /* LaunchScreen.storyboard in Resources */,
				8D0E25F71C02BCE000D05DF5 /* Assets.xcassets in Resources */,
				8D0E25F51C02BCE000D05DF5 /* Main.storyboard in Resources */,
			);
			runOnlyForDeploymentPostprocessing = 0;
		};
		8D0E25FE1C02BCE000D05DF5 /* Resources */ = {
			isa = PBXResourcesBuildPhase;
			buildActionMask = 2147483647;
			files = (
			);
			runOnlyForDeploymentPostprocessing = 0;
		};
		8D0E26091C02BCE000D05DF5 /* Resources */ = {
			isa = PBXResourcesBuildPhase;
			buildActionMask = 2147483647;
			files = (
			);
			runOnlyForDeploymentPostprocessing = 0;
		};
/* End PBXResourcesBuildPhase section */

/* Begin PBXSourcesBuildPhase section */
		8D0E25E81C02BCE000D05DF5 /* Sources */ = {
			isa = PBXSourcesBuildPhase;
			buildActionMask = 2147483647;
			files = (
				8D0E26261C02C1BF00D05DF5 /* Story2.swift in Sources */,
				8D0E26241C02C0EF00D05DF5 /* HukkinViewController.swift in Sources */,
				8D0E25F21C02BCE000D05DF5 /* ViewController.swift in Sources */,
				8D0E262A1C02C32800D05DF5 /* Story3.swift in Sources */,
				8D0E26201C02C07100D05DF5 /* Story1.swift in Sources */,
				8D0E261E1C02BD3300D05DF5 /* MenuViewController.swift in Sources */,
				8D0E25F01C02BCE000D05DF5 /* AppDelegate.swift in Sources */,
				8D0E26281C02C25C00D05DF5 /* EbisoryViewController.swift in Sources */,
			);
			runOnlyForDeploymentPostprocessing = 0;
		};
		8D0E25FC1C02BCE000D05DF5 /* Sources */ = {
			isa = PBXSourcesBuildPhase;
			buildActionMask = 2147483647;
			files = (
				8D0E26051C02BCE000D05DF5 /* machoTests.swift in Sources */,
			);
			runOnlyForDeploymentPostprocessing = 0;
		};
		8D0E26071C02BCE000D05DF5 /* Sources */ = {
			isa = PBXSourcesBuildPhase;
			buildActionMask = 2147483647;
			files = (
				8D0E26101C02BCE000D05DF5 /* machoUITests.swift in Sources */,
			);
			runOnlyForDeploymentPostprocessing = 0;
		};
/* End PBXSourcesBuildPhase section */

/* Begin PBXTargetDependency section */
		8D0E26021C02BCE000D05DF5 /* PBXTargetDependency */ = {
			isa = PBXTargetDependency;
			target = 8D0E25EB1C02BCE000D05DF5 /* macho */;
			targetProxy = 8D0E26011C02BCE000D05DF5 /* PBXContainerItemProxy */;
		};
		8D0E260D1C02BCE000D05DF5 /* PBXTargetDependency */ = {
			isa = PBXTargetDependency;
			target = 8D0E25EB1C02BCE000D05DF5 /* macho */;
			targetProxy = 8D0E260C1C02BCE000D05DF5 /* PBXContainerItemProxy */;
		};
/* End PBXTargetDependency section */

/* Begin PBXVariantGroup section */
		8D0E25F31C02BCE000D05DF5 /* Main.storyboard */ = {
			isa = PBXVariantGroup;
			children = (
				8D0E25F41C02BCE000D05DF5 /* Base */,
			);
			name = Main.storyboard;
			sourceTree = "<group>";
		};
		8D0E25F81C02BCE000D05DF5 /* LaunchScreen.storyboard */ = {
			isa = PBXVariantGroup;
			children = (
				8D0E25F91C02BCE000D05DF5 /* Base */,
			);
			name = LaunchScreen.storyboard;
			sourceTree = "<group>";
		};
/* End PBXVariantGroup section */

/* Begin XCBuildConfiguration section */
		8D0E26121C02BCE000D05DF5 /* Debug */ = {
			isa = XCBuildConfiguration;
			buildSettings = {
				ALWAYS_SEARCH_USER_PATHS = NO;
				CLANG_CXX_LANGUAGE_STANDARD = "gnu++0x";
				CLANG_CXX_LIBRARY = "libc++";
				CLANG_ENABLE_MODULES = YES;
				CLANG_ENABLE_OBJC_ARC = YES;
				CLANG_WARN_BOOL_CONVERSION = YES;
				CLANG_WARN_CONSTANT_CONVERSION = YES;
				CLANG_WARN_DIRECT_OBJC_ISA_USAGE = YES_ERROR;
				CLANG_WARN_EMPTY_BODY = YES;
				CLANG_WARN_ENUM_CONVERSION = YES;
				CLANG_WARN_INT_CONVERSION = YES;
				CLANG_WARN_OBJC_ROOT_CLASS = YES_ERROR;
				CLANG_WARN_UNREACHABLE_CODE = YES;
				CLANG_WARN__DUPLICATE_METHOD_MATCH = YES;
				"CODE_SIGN_IDENTITY[sdk=iphoneos*]" = "iPhone Developer";
				COPY_PHASE_STRIP = NO;
				DEBUG_INFORMATION_FORMAT = dwarf;
				ENABLE_STRICT_OBJC_MSGSEND = YES;
				ENABLE_TESTABILITY = YES;
				GCC_C_LANGUAGE_STANDARD = gnu99;
				GCC_DYNAMIC_NO_PIC = NO;
				GCC_NO_COMMON_BLOCKS = YES;
				GCC_OPTIMIZATION_LEVEL = 0;
				GCC_PREPROCESSOR_DEFINITIONS = (
					"DEBUG=1",
					"$(inherited)",
				);
				GCC_WARN_64_TO_32_BIT_CONVERSION = YES;
				GCC_WARN_ABOUT_RETURN_TYPE = YES_ERROR;
				GCC_WARN_UNDECLARED_SELECTOR = YES;
				GCC_WARN_UNINITIALIZED_AUTOS = YES_AGGRESSIVE;
				GCC_WARN_UNUSED_FUNCTION = YES;
				GCC_WARN_UNUSED_VARIABLE = YES;
				IPHONEOS_DEPLOYMENT_TARGET = 9.1;
				MTL_ENABLE_DEBUG_INFO = YES;
				ONLY_ACTIVE_ARCH = YES;
				SDKROOT = iphoneos;
				SWIFT_OPTIMIZATION_LEVEL = "-Onone";
				TARGETED_DEVICE_FAMILY = "1,2";
			};
			name = Debug;
		};
		8D0E26131C02BCE000D05DF5 /* Release */ = {
			isa = XCBuildConfiguration;
			buildSettings = {
				ALWAYS_SEARCH_USER_PATHS = NO;
				CLANG_CXX_LANGUAGE_STANDARD = "gnu++0x";
				CLANG_CXX_LIBRARY = "libc++";
				CLANG_ENABLE_MODULES = YES;
				CLANG_ENABLE_OBJC_ARC = YES;
				CLANG_WARN_BOOL_CONVERSION = YES;
				CLANG_WARN_CONSTANT_CONVERSION = YES;
				CLANG_WARN_DIRECT_OBJC_ISA_USAGE = YES_ERROR;
				CLANG_WARN_EMPTY_BODY = YES;
				CLANG_WARN_ENUM_CONVERSION = YES;
				CLANG_WARN_INT_CONVERSION = YES;
				CLANG_WARN_OBJC_ROOT_CLASS = YES_ERROR;
				CLANG_WARN_UNREACHABLE_CODE = YES;
				CLANG_WARN__DUPLICATE_METHOD_MATCH = YES;
				"CODE_SIGN_IDENTITY[sdk=iphoneos*]" = "iPhone Developer";
				COPY_PHASE_STRIP = NO;
				DEBUG_INFORMATION_FORMAT = "dwarf-with-dsym";
				ENABLE_NS_ASSERTIONS = NO;
				ENABLE_STRICT_OBJC_MSGSEND = YES;
				GCC_C_LANGUAGE_STANDARD = gnu99;
				GCC_NO_COMMON_BLOCKS = YES;
				GCC_WARN_64_TO_32_BIT_CONVERSION = YES;
				GCC_WARN_ABOUT_RETURN_TYPE = YES_ERROR;
				GCC_WARN_UNDECLARED_SELECTOR = YES;
				GCC_WARN_UNINITIALIZED_AUTOS = YES_AGGRESSIVE;
				GCC_WARN_UNUSED_FUNCTION = YES;
				GCC_WARN_UNUSED_VARIABLE = YES;
				IPHONEOS_DEPLOYMENT_TARGET = 9.1;
				MTL_ENABLE_DEBUG_INFO = NO;
				SDKROOT = iphoneos;
				TARGETED_DEVICE_FAMILY = "1,2";
				VALIDATE_PRODUCT = YES;
			};
			name = Release;
		};
		8D0E26151C02BCE000D05DF5 /* Debug */ = {
			isa = XCBuildConfiguration;
			buildSettings = {
				ASSETCATALOG_COMPILER_APPICON_NAME = AppIcon;
				INFOPLIST_FILE = macho/Info.plist;
				LD_RUNPATH_SEARCH_PATHS = "$(inherited) @executable_path/Frameworks";
				PRODUCT_BUNDLE_IDENTIFIER = "ie-ModelingAndDesign.macho";
				PRODUCT_NAME = "$(TARGET_NAME)";
			};
			name = Debug;
		};
		8D0E26161C02BCE000D05DF5 /* Release */ = {
			isa = XCBuildConfiguration;
			buildSettings = {
				ASSETCATALOG_COMPILER_APPICON_NAME = AppIcon;
				INFOPLIST_FILE = macho/Info.plist;
				LD_RUNPATH_SEARCH_PATHS = "$(inherited) @executable_path/Frameworks";
				PRODUCT_BUNDLE_IDENTIFIER = "ie-ModelingAndDesign.macho";
				PRODUCT_NAME = "$(TARGET_NAME)";
			};
			name = Release;
		};
		8D0E26181C02BCE000D05DF5 /* Debug */ = {
			isa = XCBuildConfiguration;
			buildSettings = {
				BUNDLE_LOADER = "$(TEST_HOST)";
				INFOPLIST_FILE = machoTests/Info.plist;
				LD_RUNPATH_SEARCH_PATHS = "$(inherited) @executable_path/Frameworks @loader_path/Frameworks";
				PRODUCT_BUNDLE_IDENTIFIER = "ie-ModelingAndDesign.machoTests";
				PRODUCT_NAME = "$(TARGET_NAME)";
				TEST_HOST = "$(BUILT_PRODUCTS_DIR)/macho.app/macho";
			};
			name = Debug;
		};
		8D0E26191C02BCE000D05DF5 /* Release */ = {
			isa = XCBuildConfiguration;
			buildSettings = {
				BUNDLE_LOADER = "$(TEST_HOST)";
				INFOPLIST_FILE = machoTests/Info.plist;
				LD_RUNPATH_SEARCH_PATHS = "$(inherited) @executable_path/Frameworks @loader_path/Frameworks";
				PRODUCT_BUNDLE_IDENTIFIER = "ie-ModelingAndDesign.machoTests";
				PRODUCT_NAME = "$(TARGET_NAME)";
				TEST_HOST = "$(BUILT_PRODUCTS_DIR)/macho.app/macho";
			};
			name = Release;
		};
		8D0E261B1C02BCE000D05DF5 /* Debug */ = {
			isa = XCBuildConfiguration;
			buildSettings = {
				INFOPLIST_FILE = machoUITests/Info.plist;
				LD_RUNPATH_SEARCH_PATHS = "$(inherited) @executable_path/Frameworks @loader_path/Frameworks";
				PRODUCT_BUNDLE_IDENTIFIER = "ie-ModelingAndDesign.machoUITests";
				PRODUCT_NAME = "$(TARGET_NAME)";
				TEST_TARGET_NAME = macho;
				USES_XCTRUNNER = YES;
			};
			name = Debug;
		};
		8D0E261C1C02BCE000D05DF5 /* Release */ = {
			isa = XCBuildConfiguration;
			buildSettings = {
				INFOPLIST_FILE = machoUITests/Info.plist;
				LD_RUNPATH_SEARCH_PATHS = "$(inherited) @executable_path/Frameworks @loader_path/Frameworks";
				PRODUCT_BUNDLE_IDENTIFIER = "ie-ModelingAndDesign.machoUITests";
				PRODUCT_NAME = "$(TARGET_NAME)";
				TEST_TARGET_NAME = macho;
				USES_XCTRUNNER = YES;
			};
			name = Release;
		};
/* End XCBuildConfiguration section */

/* Begin XCConfigurationList section */
		8D0E25E71C02BCE000D05DF5 /* Build configuration list for PBXProject "macho" */ = {
			isa = XCConfigurationList;
			buildConfigurations = (
				8D0E26121C02BCE000D05DF5 /* Debug */,
				8D0E26131C02BCE000D05DF5 /* Release */,
			);
			defaultConfigurationIsVisible = 0;
			defaultConfigurationName = Release;
		};
		8D0E26141C02BCE000D05DF5 /* Build configuration list for PBXNativeTarget "macho" */ = {
			isa = XCConfigurationList;
			buildConfigurations = (
				8D0E26151C02BCE000D05DF5 /* Debug */,
				8D0E26161C02BCE000D05DF5 /* Release */,
			);
			defaultConfigurationIsVisible = 0;
		};
		8D0E26171C02BCE000D05DF5 /* Build configuration list for PBXNativeTarget "machoTests" */ = {
			isa = XCConfigurationList;
			buildConfigurations = (
				8D0E26181C02BCE000D05DF5 /* Debug */,
				8D0E26191C02BCE000D05DF5 /* Release */,
			);
			defaultConfigurationIsVisible = 0;
		};
		8D0E261A1C02BCE000D05DF5 /* Build configuration list for PBXNativeTarget "machoUITests" */ = {
			isa = XCConfigurationList;
			buildConfigurations = (
				8D0E261B1C02BCE000D05DF5 /* Debug */,
				8D0E261C1C02BCE000D05DF5 /* Release */,
			);
			defaultConfigurationIsVisible = 0;
		};
/* End XCConfigurationList section */
	};
	rootObject = 8D0E25E41C02BCE000D05DF5 /* Project object */;
}
